
Microsoft Visual Studio Solution File, Format Version 12.00
# Visual Studio Version 17
VisualStudioVersion = 17.6.33815.320
MinimumVisualStudioVersion = 10.0.40219.1
Project("{9A19103F-16F7-4668-BE54-9A1E7A4F7556}") = "Recreate.Web", "Recreate.Web\Recreate.Web.csproj", "{26BE6FF4-B194-48D2-A102-01342A2E456B}"
EndProject
Project("{FAE04EC0-301F-11D3-BF4B-00C04F79EFBC}") = "Recreate.Core", "Recreate.Core\Recreate.Core.csproj", "{3AB03911-363B-4BB4-B5A4-7CBEF7744EAC}"
EndProject
Project("{FAE04EC0-301F-11D3-BF4B-00C04F79EFBC}") = "Recreate.Desktop", "Recreate.Desktop\Recreate.Desktop.csproj", "{2EAC2EB3-B9E8-4B86-8C5B-59A3748942C2}"
EndProject
Global
	GlobalSection(SolutionConfigurationPlatforms) = preSolution
		Debug|Any CPU = Debug|Any CPU
		Release|Any CPU = Release|Any CPU
	EndGlobalSection
	GlobalSection(ProjectConfigurationPlatforms) = postSolution
		{26BE6FF4-B194-48D2-A102-01342A2E456B}.Debug|Any CPU.ActiveCfg = Debug|Any CPU
		{26BE6FF4-B194-48D2-A102-01342A2E456B}.Debug|Any CPU.Build.0 = Debug|Any CPU
		{26BE6FF4-B194-48D2-A102-01342A2E456B}.Release|Any CPU.ActiveCfg = Release|Any CPU
		{26BE6FF4-B194-48D2-A102-01342A2E456B}.Release|Any CPU.Build.0 = Release|Any CPU
		{3AB03911-363B-4BB4-B5A4-7CBEF7744EAC}.Debug|Any CPU.ActiveCfg = Debug|Any CPU
		{3AB03911-363B-4BB4-B5A4-7CBEF7744EAC}.Debug|Any CPU.Build.0 = Debug|Any CPU
		{3AB03911-363B-4BB4-B5A4-7CBEF7744EAC}.Release|Any CPU.ActiveCfg = Release|Any CPU
		{3AB03911-363B-4BB4-B5A4-7CBEF7744EAC}.Release|Any CPU.Build.0 = Release|Any CPU
		{2EAC2EB3-B9E8-4B86-8C5B-59A3748942C2}.Debug|Any CPU.ActiveCfg = Debug|Any CPU
		{2EAC2EB3-B9E8-4B86-8C5B-59A3748942C2}.Debug|Any CPU.Build.0 = Debug|Any CPU
		{2EAC2EB3-B9E8-4B86-8C5B-59A3748942C2}.Release|Any CPU.ActiveCfg = Release|Any CPU
		{2EAC2EB3-B9E8-4B86-8C5B-59A3748942C2}.Release|Any CPU.Build.0 = Release|Any CPU
	EndGlobalSection
	GlobalSection(SolutionProperties) = preSolution
		HideSolutionNode = FALSE
	EndGlobalSection
	GlobalSection(ExtensibilityGlobals) = postSolution
		SolutionGuid = {3405FC19-0E04-4D8A-8AEC-B348D9512625}
	EndGlobalSection
EndGlobal
